{
  "requires": true,
  "lockfileVersion": 1,
  "dependencies": {
    "aws-sdk": {
      "version": "2.238.1",
      "resolved": "https://mvnrepo.nordstrom.net/nexus/content/groups/NPMgroup/aws-sdk/-/aws-sdk-2.238.1.tgz",
      "integrity": "sha1-o1/ewSLtkV2kkIQOiCgzbaW+Tn8=",
      "requires": {
        "buffer": "4.9.1",
        "events": "1.1.1",
        "ieee754": "1.1.8",
        "jmespath": "0.15.0",
        "querystring": "0.2.0",
        "sax": "1.2.1",
        "url": "0.10.3",
        "uuid": "3.1.0",
        "xml2js": "0.4.17",
        "xmlbuilder": "4.2.1"
      },
      "dependencies": {
        "uuid": {
          "version": "3.1.0",
          "resolved": "https://mvnrepo.nordstrom.net/nexus/content/groups/NPMgroup/uuid/-/uuid-3.1.0.tgz",
          "integrity": "sha512-DIWtzUkw04M4k3bf1IcpS2tngXEL26YUD2M0tMDUpnUrz2hgzUBlD55a4FjdLGPvfHxS6uluGWvaVEqgBcVa+g=="
        }
      }
    },
    "base64-js": {
      "version": "1.3.0",
      "resolved": "https://mvnrepo.nordstrom.net/nexus/content/groups/NPMgroup/base64-js/-/base64-js-1.3.0.tgz",
      "integrity": "sha512-ccav/yGvoa80BQDljCxsmmQ3Xvx60/UpBIij5QN21W3wBi/hhIC9OoO+KLpu9IJTS9j4DRVJ3aDDF9cMSoa2lw=="
    },
    "bcrypt-nodejs": {
      "version": "0.0.3",
      "resolved": "https://mvnrepo.nordstrom.net/nexus/content/groups/NPMgroup/bcrypt-nodejs/-/bcrypt-nodejs-0.0.3.tgz",
      "integrity": "sha1-xgkX8m3CNWYVZsaBBhwwPCsohCs="
    },
    "bignumber.js": {
      "version": "4.0.4",
      "resolved": "https://mvnrepo.nordstrom.net/nexus/content/groups/NPMgroup/bignumber.js/-/bignumber.js-4.0.4.tgz",
      "integrity": "sha512-LDXpJKVzEx2/OqNbG9mXBNvHuiRL4PzHCGfnANHMJ+fv68Ads3exDVJeGDJws+AoNEuca93bU3q+S0woeUaCdg=="
    },
    "buffer": {
      "version": "4.9.1",
      "resolved": "https://mvnrepo.nordstrom.net/nexus/content/groups/NPMgroup/buffer/-/buffer-4.9.1.tgz",
      "integrity": "sha1-bRu2AbB6TvztlwlBMgkwJ8lbwpg=",
      "requires": {
        "base64-js": "1.3.0",
        "ieee754": "1.1.8",
        "isarray": "1.0.0"
      }
    },
    "core-util-is": {
      "version": "1.0.2",
      "resolved": "https://mvnrepo.nordstrom.net/nexus/content/groups/NPMgroup/core-util-is/-/core-util-is-1.0.2.tgz",
      "integrity": "sha1-tf1UIgqivFq1eqtxQMlAdUUDwac="
    },
    "events": {
      "version": "1.1.1",
      "resolved": "https://mvnrepo.nordstrom.net/nexus/content/groups/NPMgroup/events/-/events-1.1.1.tgz",
      "integrity": "sha1-nr23Y1rQmccNzEwqH1AEKI6L2SQ="
    },
    "ieee754": {
      "version": "1.1.8",
      "resolved": "https://mvnrepo.nordstrom.net/nexus/content/groups/NPMgroup/ieee754/-/ieee754-1.1.8.tgz",
      "integrity": "sha1-vjPUCsEO8ZJnAfbwii2G+/0a0+Q="
    },
    "inherits": {
      "version": "2.0.3",
      "resolved": "https://mvnrepo.nordstrom.net/nexus/content/groups/NPMgroup/inherits/-/inherits-2.0.3.tgz",
      "integrity": "sha1-Yzwsg+PaQqUC9SRmAiSA9CCCYd4="
    },
    "isarray": {
      "version": "1.0.0",
      "resolved": "https://mvnrepo.nordstrom.net/nexus/content/groups/NPMgroup/isarray/-/isarray-1.0.0.tgz",
      "integrity": "sha1-u5NdSFgsuhaMBoNJV6VKPgcSTxE="
    },
    "jmespath": {
      "version": "0.15.0",
      "resolved": "https://mvnrepo.nordstrom.net/nexus/content/groups/NPMgroup/jmespath/-/jmespath-0.15.0.tgz",
      "integrity": "sha1-o/Iiqarp+Wb10nx5ZRDigJF2Qhc="
    },
    "lodash": {
      "version": "4.17.10",
      "resolved": "https://mvnrepo.nordstrom.net/nexus/content/groups/NPMgroup/lodash/-/lodash-4.17.10.tgz",
      "integrity": "sha512-UejweD1pDoXu+AD825lWwp4ZGtSwgnpZxb3JDViD7StjQz+Nb/6l093lx4OQ0foGWNRoc19mWy7BzL+UAK2iVg=="
    },
    "mysql": {
      "version": "2.15.0",
      "resolved": "https://mvnrepo.nordstrom.net/nexus/content/groups/NPMgroup/mysql/-/mysql-2.15.0.tgz",
      "integrity": "sha512-C7tjzWtbN5nzkLIV+E8Crnl9bFyc7d3XJcBAvHKEVkjrYjogz3llo22q6s/hw+UcsE4/844pDob9ac+3dVjQSA==",
      "requires": {
        "bignumber.js": "4.0.4",
        "readable-stream": "2.3.3",
        "safe-buffer": "5.1.1",
        "sqlstring": "2.3.0"
      }
    },
    "process-nextick-args": {
      "version": "1.0.7",
      "resolved": "https://mvnrepo.nordstrom.net/nexus/content/groups/NPMgroup/process-nextick-args/-/process-nextick-args-1.0.7.tgz",
      "integrity": "sha1-FQ4gt1ZZCtP5EJPyWk8q2L/zC6M="
    },
    "punycode": {
      "version": "1.3.2",
      "resolved": "https://mvnrepo.nordstrom.net/nexus/content/groups/NPMgroup/punycode/-/punycode-1.3.2.tgz",
      "integrity": "sha1-llOgNvt8HuQjQvIyXM7v6jkmxI0="
    },
    "querystring": {
      "version": "0.2.0",
      "resolved": "https://mvnrepo.nordstrom.net/nexus/content/groups/NPMgroup/querystring/-/querystring-0.2.0.tgz",
      "integrity": "sha1-sgmEkgO7Jd+CDadW50cAWHhSFiA="
    },
    "readable-stream": {
      "version": "2.3.3",
      "resolved": "https://mvnrepo.nordstrom.net/nexus/content/groups/NPMgroup/readable-stream/-/readable-stream-2.3.3.tgz",
      "integrity": "sha512-m+qzzcn7KUxEmd1gMbchF+Y2eIUbieUaxkWtptyHywrX0rE8QEYqPC07Vuy4Wm32/xE16NcdBctb8S0Xe/5IeQ==",
      "requires": {
        "core-util-is": "1.0.2",
        "inherits": "2.0.3",
        "isarray": "1.0.0",
        "process-nextick-args": "1.0.7",
        "safe-buffer": "5.1.1",
        "string_decoder": "1.0.3",
        "util-deprecate": "1.0.2"
      }
    },
    "safe-buffer": {
      "version": "5.1.1",
      "resolved": "https://mvnrepo.nordstrom.net/nexus/content/groups/NPMgroup/safe-buffer/-/safe-buffer-5.1.1.tgz",
      "integrity": "sha512-kKvNJn6Mm93gAczWVJg7wH+wGYWNrDHdWvpUmHyEsgCtIwwo3bqPtV4tR5tuPaUhTOo/kvhVwd8XwwOllGYkbg=="
    },
    "sax": {
      "version": "1.2.1",
      "resolved": "https://mvnrepo.nordstrom.net/nexus/content/groups/NPMgroup/sax/-/sax-1.2.1.tgz",
      "integrity": "sha1-e45lYZCyKOgaZq6nSEgNgozS03o="
    },
    "sqlstring": {
      "version": "2.3.0",
      "resolved": "https://mvnrepo.nordstrom.net/nexus/content/groups/NPMgroup/sqlstring/-/sqlstring-2.3.0.tgz",
      "integrity": "sha1-UluKT9Jtb3GqYegipsr5dtMa0qg="
    },
    "string_decoder": {
      "version": "1.0.3",
      "resolved": "https://mvnrepo.nordstrom.net/nexus/content/groups/NPMgroup/string_decoder/-/string_decoder-1.0.3.tgz",
      "integrity": "sha512-4AH6Z5fzNNBcH+6XDMfA/BTt87skxqJlO0lAh3Dker5zThcAxG6mKz+iGu308UKoPPQ8Dcqx/4JhujzltRa+hQ==",
      "requires": {
        "safe-buffer": "5.1.1"
      }
    },
    "url": {
      "version": "0.10.3",
      "resolved": "https://mvnrepo.nordstrom.net/nexus/content/groups/NPMgroup/url/-/url-0.10.3.tgz",
      "integrity": "sha1-Ah5NnHcF8hu/N9A861h2dAJ3TGQ=",
      "requires": {
        "punycode": "1.3.2",
        "querystring": "0.2.0"
      }
    },
    "util-deprecate": {
      "version": "1.0.2",
      "resolved": "https://mvnrepo.nordstrom.net/nexus/content/groups/NPMgroup/util-deprecate/-/util-deprecate-1.0.2.tgz",
      "integrity": "sha1-RQ1Nyfpw3nMnYvvS1KKJgUGaDM8="
    },
    "uuid": {
      "version": "3.2.1",
      "resolved": "https://mvnrepo.nordstrom.net/nexus/content/groups/NPMgroup/uuid/-/uuid-3.2.1.tgz",
      "integrity": "sha512-jZnMwlb9Iku/O3smGWvZhauCf6cvvpKi4BKRiliS3cxnI+Gz9j5MEpTz2UFuXiKPJocb7gnsLHwiS05ige5BEA=="
    },
    "xml2js": {
      "version": "0.4.17",
      "resolved": "https://mvnrepo.nordstrom.net/nexus/content/groups/NPMgroup/xml2js/-/xml2js-0.4.17.tgz",
      "integrity": "sha1-F76T6q4/O3eTWceVtBlwWogX6Gg=",
      "requires": {
        "sax": "1.2.1",
        "xmlbuilder": "4.2.1"
      }
    },
    "xmlbuilder": {
      "version": "4.2.1",
      "resolved": "https://mvnrepo.nordstrom.net/nexus/content/groups/NPMgroup/xmlbuilder/-/xmlbuilder-4.2.1.tgz",
      "integrity": "sha1-qlijBBoGb5DqoWwvU4n/GfP0YaU=",
      "requires": {
        "lodash": "4.17.10"
      }
    }
  }
}
